// !$*UTF8*$!
{
	archiveVersion = 1;
	classes = {
	};
	objectVersion = 56;
	objects = {

/* Begin PBXBuildFile section */
		2CBBEA2B2C2B1F2A0025382A /* AppDelegate.swift in Sources */ = {isa = PBXBuildFile; fileRef = 2CBBEA2A2C2B1F2A0025382A /* AppDelegate.swift */; };
		2CBBEA2D2C2B1F2A0025382A /* SceneDelegate.swift in Sources */ = {isa = PBXBuildFile; fileRef = 2CBBEA2C2C2B1F2A0025382A /* SceneDelegate.swift */; };
		2CBBEA2F2C2B1F2A0025382A /* ViewController.swift in Sources */ = {isa = PBXBuildFile; fileRef = 2CBBEA2E2C2B1F2A0025382A /* ViewController.swift */; };
		2CBBEA322C2B1F2A0025382A /* Base in Resources */ = {isa = PBXBuildFile; fileRef = 2CBBEA312C2B1F2A0025382A /* Base */; };
		2CBBEA342C2B1F2B0025382A /* Assets.xcassets in Resources */ = {isa = PBXBuildFile; fileRef = 2CBBEA332C2B1F2B0025382A /* Assets.xcassets */; };
		2CBBEA372C2B1F2B0025382A /* Base in Resources */ = {isa = PBXBuildFile; fileRef = 2CBBEA362C2B1F2B0025382A /* Base */; };
		2CBBEA3F2C2B2BFB0025382A /* TodoTableViewCell.swift in Sources */ = {isa = PBXBuildFile; fileRef = 2CBBEA3E2C2B2BFB0025382A /* TodoTableViewCell.swift */; };
		2CBBEA412C2B2CB50025382A /* TodoEntity.swift in Sources */ = {isa = PBXBuildFile; fileRef = 2CBBEA402C2B2CB50025382A /* TodoEntity.swift */; };
		2CBBEA432C2B3EEB0025382A /* TodoCreateViewController.swift in Sources */ = {isa = PBXBuildFile; fileRef = 2CBBEA422C2B3EEB0025382A /* TodoCreateViewController.swift */; };
		2CBBEA452C2B4D340025382A /* TodoUpdateViewController.swift in Sources */ = {isa = PBXBuildFile; fileRef = 2CBBEA442C2B4D340025382A /* TodoUpdateViewController.swift */; };
/* End PBXBuildFile section */

/* Begin PBXFileReference section */
		2CBBEA272C2B1F2A0025382A /* TodoListTakvim.app */ = {isa = PBXFileReference; explicitFileType = wrapper.application; includeInIndex = 0; path = TodoListTakvim.app; sourceTree = BUILT_PRODUCTS_DIR; };
		2CBBEA2A2C2B1F2A0025382A /* AppDelegate.swift */ = {isa = PBXFileReference; lastKnownFileType = sourcecode.swift; path = AppDelegate.swift; sourceTree = "<group>"; };
		2CBBEA2C2C2B1F2A0025382A /* SceneDelegate.swift */ = {isa = PBXFileReference; lastKnownFileType = sourcecode.swift; path = SceneDelegate.swift; sourceTree = "<group>"; };
		2CBBEA2E2C2B1F2A0025382A /* ViewController.swift */ = {isa = PBXFileReference; lastKnownFileType = sourcecode.swift; path = ViewController.swift; sourceTree = "<group>"; };
		2CBBEA312C2B1F2A0025382A /* Base */ = {isa = PBXFileReference; lastKnownFileType = file.storyboard; name = Base; path = Base.lproj/Main.storyboard; sourceTree = "<group>"; };
		2CBBEA332C2B1F2B0025382A /* Assets.xcassets */ = {isa = PBXFileReference; lastKnownFileType = folder.assetcatalog; path = Assets.xcassets; sourceTree = "<group>"; };
		2CBBEA362C2B1F2B0025382A /* Base */ = {isa = PBXFileReference; lastKnownFileType = file.storyboard; name = Base; path = Base.lproj/LaunchScreen.storyboard; sourceTree = "<group>"; };
		2CBBEA382C2B1F2B0025382A /* Info.plist */ = {isa = PBXFileReference; lastKnownFileType = text.plist.xml; path = Info.plist; sourceTree = "<group>"; };
		2CBBEA3E2C2B2BFB0025382A /* TodoTableViewCell.swift */ = {isa = PBXFileReference; lastKnownFileType = sourcecode.swift; path = TodoTableViewCell.swift; sourceTree = "<group>"; };
		2CBBEA402C2B2CB50025382A /* TodoEntity.swift */ = {isa = PBXFileReference; lastKnownFileType = sourcecode.swift; path = TodoEntity.swift; sourceTree = "<group>"; };
		2CBBEA422C2B3EEB0025382A /* TodoCreateViewController.swift */ = {isa = PBXFileReference; lastKnownFileType = sourcecode.swift; path = TodoCreateViewController.swift; sourceTree = "<group>"; };
		2CBBEA442C2B4D340025382A /* TodoUpdateViewController.swift */ = {isa = PBXFileReference; lastKnownFileType = sourcecode.swift; path = TodoUpdateViewController.swift; sourceTree = "<group>"; };
/* End PBXFileReference section */

/* Begin PBXFrameworksBuildPhase section */
		2CBBEA242C2B1F2A0025382A /* Frameworks */ = {
			isa = PBXFrameworksBuildPhase;
			buildActionMask = 2147483647;
			files = (
			);
			runOnlyForDeploymentPostprocessing = 0;
		};
/* End PBXFrameworksBuildPhase section */

/* Begin PBXGroup section */
		2CBBEA1E2C2B1F2A0025382A = {
			isa = PBXGroup;
			children = (
				2CBBEA292C2B1F2A0025382A /* TodoListTakvim */,
				2CBBEA282C2B1F2A0025382A /* Products */,
			);
			sourceTree = "<group>";
		};
		2CBBEA282C2B1F2A0025382A /* Products */ = {
			isa = PBXGroup;
			children = (
				2CBBEA272C2B1F2A0025382A /* TodoListTakvim.app */,
			);
			name = Products;
			sourceTree = "<group>";
		};
		2CBBEA292C2B1F2A0025382A /* TodoListTakvim */ = {
			isa = PBXGroup;
			children = (
				2CBBEA2A2C2B1F2A0025382A /* AppDelegate.swift */,
				2CBBEA2C2C2B1F2A0025382A /* SceneDelegate.swift */,
				2CBBEA2E2C2B1F2A0025382A /* ViewController.swift */,
				2CBBEA422C2B3EEB0025382A /* TodoCreateViewController.swift */,
				2CBBEA3E2C2B2BFB0025382A /* TodoTableViewCell.swift */,
				2CBBEA402C2B2CB50025382A /* TodoEntity.swift */,
				2CBBEA442C2B4D340025382A /* TodoUpdateViewController.swift */,
				2CBBEA302C2B1F2A0025382A /* Main.storyboard */,
				2CBBEA332C2B1F2B0025382A /* Assets.xcassets */,
				2CBBEA352C2B1F2B0025382A /* LaunchScreen.storyboard */,
				2CBBEA382C2B1F2B0025382A /* Info.plist */,
			);
			path = TodoListTakvim;
			sourceTree = "<group>";
		};
/* End PBXGroup section */

/* Begin PBXNativeTarget section */
		2CBBEA262C2B1F2A0025382A /* TodoListTakvim */ = {
			isa = PBXNativeTarget;
			buildConfigurationList = 2CBBEA3B2C2B1F2B0025382A /* Build configuration list for PBXNativeTarget "TodoListTakvim" */;
			buildPhases = (
				2CBBEA232C2B1F2A0025382A /* Sources */,
				2CBBEA242C2B1F2A0025382A /* Frameworks */,
				2CBBEA252C2B1F2A0025382A /* Resources */,
			);
			buildRules = (
			);
			dependencies = (
			);
			name = TodoListTakvim;
			productName = TodoListTakvim;
			productReference = 2CBBEA272C2B1F2A0025382A /* TodoListTakvim.app */;
			productType = "com.apple.product-type.application";
		};
/* End PBXNativeTarget section */

/* Begin PBXProject section */
		2CBBEA1F2C2B1F2A0025382A /* Project object */ = {
			isa = PBXProject;
			attributes = {
				BuildIndependentTargetsInParallel = 1;
				LastSwiftUpdateCheck = 1530;
				LastUpgradeCheck = 1530;
				TargetAttributes = {
					2CBBEA262C2B1F2A0025382A = {
						CreatedOnToolsVersion = 15.3;
					};
				};
			};
			buildConfigurationList = 2CBBEA222C2B1F2A0025382A /* Build configuration list for PBXProject "TodoListTakvim" */;
			compatibilityVersion = "Xcode 14.0";
			developmentRegion = en;
			hasScannedForEncodings = 0;
			knownRegions = (
				en,
				Base,
			);
			mainGroup = 2CBBEA1E2C2B1F2A0025382A;
			productRefGroup = 2CBBEA282C2B1F2A0025382A /* Products */;
			projectDirPath = "";
			projectRoot = "";
			targets = (
				2CBBEA262C2B1F2A0025382A /* TodoListTakvim */,
			);
		};
/* End PBXProject section */

/* Begin PBXResourcesBuildPhase section */
		2CBBEA252C2B1F2A0025382A /* Resources */ = {
			isa = PBXResourcesBuildPhase;
			buildActionMask = 2147483647;
			files = (
				2CBBEA342C2B1F2B0025382A /* Assets.xcassets in Resources */,
				2CBBEA372C2B1F2B0025382A /* Base in Resources */,
				2CBBEA322C2B1F2A0025382A /* Base in Resources */,
			);
			runOnlyForDeploymentPostprocessing = 0;
		};
/* End PBXResourcesBuildPhase section */

/* Begin PBXSourcesBuildPhase section */
		2CBBEA232C2B1F2A0025382A /* Sources */ = {
			isa = PBXSourcesBuildPhase;
			buildActionMask = 2147483647;
			files = (
				2CBBEA412C2B2CB50025382A /* TodoEntity.swift in Sources */,
				2CBBEA2F2C2B1F2A0025382A /* ViewController.swift in Sources */,
				2CBBEA432C2B3EEB0025382A /* TodoCreateViewController.swift in Sources */,
				2CBBEA2B2C2B1F2A0025382A /* AppDelegate.swift in Sources */,
				2CBBEA2D2C2B1F2A0025382A /* SceneDelegate.swift in Sources */,
				2CBBEA452C2B4D340025382A /* TodoUpdateViewController.swift in Sources */,
				2CBBEA3F2C2B2BFB0025382A /* TodoTableViewCell.swift in Sources */,
			);
			runOnlyForDeploymentPostprocessing = 0;
		};
/* End PBXSourcesBuildPhase section */

/* Begin PBXVariantGroup section */
		2CBBEA302C2B1F2A0025382A /* Main.storyboard */ = {
			isa = PBXVariantGroup;
			children = (
				2CBBEA312C2B1F2A0025382A /* Base */,
			);
			name = Main.storyboard;
			sourceTree = "<group>";
		};
		2CBBEA352C2B1F2B0025382A /* LaunchScreen.storyboard */ = {
			isa = PBXVariantGroup;
			children = (
				2CBBEA362C2B1F2B0025382A /* Base */,
			);
			name = LaunchScreen.storyboard;
			sourceTree = "<group>";
		};
/* End PBXVariantGroup section */

/* Begin XCBuildConfiguration section */
		2CBBEA392C2B1F2B0025382A /* Debug */ = {
			isa = XCBuildConfiguration;
			buildSettings = {
				ALWAYS_SEARCH_USER_PATHS = NO;
				ASSETCATALOG_COMPILER_GENERATE_SWIFT_ASSET_SYMBOL_EXTENSIONS = YES;
				CLANG_ANALYZER_NONNULL = YES;
				CLANG_ANALYZER_NUMBER_OBJECT_CONVERSION = YES_AGGRESSIVE;
				CLANG_CXX_LANGUAGE_STANDARD = "gnu++20";
				CLANG_ENABLE_MODULES = YES;
				CLANG_ENABLE_OBJC_ARC = YES;
				CLANG_ENABLE_OBJC_WEAK = YES;
				CLANG_WARN_BLOCK_CAPTURE_AUTORELEASING = YES;
				CLANG_WARN_BOOL_CONVERSION = YES;
				CLANG_WARN_COMMA = YES;
				CLANG_WARN_CONSTANT_CONVERSION = YES;
				CLANG_WARN_DEPRECATED_OBJC_IMPLEMENTATIONS = YES;
				CLANG_WARN_DIRECT_OBJC_ISA_USAGE = YES_ERROR;
				CLANG_WARN_DOCUMENTATION_COMMENTS = YES;
				CLANG_WARN_EMPTY_BODY = YES;
				CLANG_WARN_ENUM_CONVERSION = YES;
				CLANG_WARN_INFINITE_RECURSION = YES;
				CLANG_WARN_INT_CONVERSION = YES;
				CLANG_WARN_NON_LITERAL_NULL_CONVERSION = YES;
				CLANG_WARN_OBJC_IMPLICIT_RETAIN_SELF = YES;
				CLANG_WARN_OBJC_LITERAL_CONVERSION = YES;
				CLANG_WARN_OBJC_ROOT_CLASS = YES_ERROR;
				CLANG_WARN_QUOTED_INCLUDE_IN_FRAMEWORK_HEADER = YES;
				CLANG_WARN_RANGE_LOOP_ANALYSIS = YES;
				CLANG_WARN_STRICT_PROTOTYPES = YES;
				CLANG_WARN_SUSPICIOUS_MOVE = YES;
				CLANG_WARN_UNGUARDED_AVAILABILITY = YES_AGGRESSIVE;
				CLANG_WARN_UNREACHABLE_CODE = YES;
				CLANG_WARN__DUPLICATE_METHOD_MATCH = YES;
				COPY_PHASE_STRIP = NO;
				DEBUG_INFORMATION_FORMAT = dwarf;
				ENABLE_STRICT_OBJC_MSGSEND = YES;
				ENABLE_TESTABILITY = YES;
				ENABLE_USER_SCRIPT_SANDBOXING = YES;
				GCC_C_LANGUAGE_STANDARD = gnu17;
				GCC_DYNAMIC_NO_PIC = NO;
				GCC_NO_COMMON_BLOCKS = YES;
				GCC_OPTIMIZATION_LEVEL = 0;
				GCC_PREPROCESSOR_DEFINITIONS = (
					"DEBUG=1",
					"$(inherited)",
				);
				GCC_WARN_64_TO_32_BIT_CONVERSION = YES;
				GCC_WARN_ABOUT_RETURN_TYPE = YES_ERROR;
				GCC_WARN_UNDECLARED_SELECTOR = YES;
				GCC_WARN_UNINITIALIZED_AUTOS = YES_AGGRESSIVE;
				GCC_WARN_UNUSED_FUNCTION = YES;
				GCC_WARN_UNUSED_VARIABLE = YES;
				IPHONEOS_DEPLOYMENT_TARGET = 16.2;
				LOCALIZATION_PREFERS_STRING_CATALOGS = YES;
				MTL_ENABLE_DEBUG_INFO = INCLUDE_SOURCE;
				MTL_FAST_MATH = YES;
				ONLY_ACTIVE_ARCH = YES;
				SDKROOT = iphoneos;
				SWIFT_ACTIVE_COMPILATION_CONDITIONS = "DEBUG $(inherited)";
				SWIFT_OPTIMIZATION_LEVEL = "-Onone";
			};
			name = Debug;
		};
		2CBBEA3A2C2B1F2B0025382A /* Release */ = {
			isa = XCBuildConfiguration;
			buildSettings = {
				ALWAYS_SEARCH_USER_PATHS = NO;
				ASSETCATALOG_COMPILER_GENERATE_SWIFT_ASSET_SYMBOL_EXTENSIONS = YES;
				CLANG_ANALYZER_NONNULL = YES;
				CLANG_ANALYZER_NUMBER_OBJECT_CONVERSION = YES_AGGRESSIVE;
				CLANG_CXX_LANGUAGE_STANDARD = "gnu++20";
				CLANG_ENABLE_MODULES = YES;
				CLANG_ENABLE_OBJC_ARC = YES;
				CLANG_ENABLE_OBJC_WEAK = YES;
				CLANG_WARN_BLOCK_CAPTURE_AUTORELEASING = YES;
				CLANG_WARN_BOOL_CONVERSION = YES;
				CLANG_WARN_COMMA = YES;
				CLANG_WARN_CONSTANT_CONVERSION = YES;
				CLANG_WARN_DEPRECATED_OBJC_IMPLEMENTATIONS = YES;
				CLANG_WARN_DIRECT_OBJC_ISA_USAGE = YES_ERROR;
				CLANG_WARN_DOCUMENTATION_COMMENTS = YES;
				CLANG_WARN_EMPTY_BODY = YES;
				CLANG_WARN_ENUM_CONVERSION = YES;
				CLANG_WARN_INFINITE_RECURSION = YES;
				CLANG_WARN_INT_CONVERSION = YES;
				CLANG_WARN_NON_LITERAL_NULL_CONVERSION = YES;
				CLANG_WARN_OBJC_IMPLICIT_RETAIN_SELF = YES;
				CLANG_WARN_OBJC_LITERAL_CONVERSION = YES;
				CLANG_WARN_OBJC_ROOT_CLASS = YES_ERROR;
				CLANG_WARN_QUOTED_INCLUDE_IN_FRAMEWORK_HEADER = YES;
				CLANG_WARN_RANGE_LOOP_ANALYSIS = YES;
				CLANG_WARN_STRICT_PROTOTYPES = YES;
				CLANG_WARN_SUSPICIOUS_MOVE = YES;
				CLANG_WARN_UNGUARDED_AVAILABILITY = YES_AGGRESSIVE;
				CLANG_WARN_UNREACHABLE_CODE = YES;
				CLANG_WARN__DUPLICATE_METHOD_MATCH = YES;
				COPY_PHASE_STRIP = NO;
				DEBUG_INFORMATION_FORMAT = "dwarf-with-dsym";
				ENABLE_NS_ASSERTIONS = NO;
				ENABLE_STRICT_OBJC_MSGSEND = YES;
				ENABLE_USER_SCRIPT_SANDBOXING = YES;
				GCC_C_LANGUAGE_STANDARD = gnu17;
				GCC_NO_COMMON_BLOCKS = YES;
				GCC_WARN_64_TO_32_BIT_CONVERSION = YES;
				GCC_WARN_ABOUT_RETURN_TYPE = YES_ERROR;
				GCC_WARN_UNDECLARED_SELECTOR = YES;
				GCC_WARN_UNINITIALIZED_AUTOS = YES_AGGRESSIVE;
				GCC_WARN_UNUSED_FUNCTION = YES;
				GCC_WARN_UNUSED_VARIABLE = YES;
				IPHONEOS_DEPLOYMENT_TARGET = 16.2;
				LOCALIZATION_PREFERS_STRING_CATALOGS = YES;
				MTL_ENABLE_DEBUG_INFO = NO;
				MTL_FAST_MATH = YES;
				SDKROOT = iphoneos;
				SWIFT_COMPILATION_MODE = wholemodule;
				VALIDATE_PRODUCT = YES;
			};
			name = Release;
		};
		2CBBEA3C2C2B1F2B0025382A /* Debug */ = {
			isa = XCBuildConfiguration;
			buildSettings = {
				ASSETCATALOG_COMPILER_APPICON_NAME = AppIcon;
				ASSETCATALOG_COMPILER_GLOBAL_ACCENT_COLOR_NAME = AccentColor;
				CODE_SIGN_STYLE = Automatic;
				CURRENT_PROJECT_VERSION = 1;
				GENERATE_INFOPLIST_FILE = YES;
				INFOPLIST_FILE = TodoListTakvim/Info.plist;
				INFOPLIST_KEY_UIApplicationSupportsIndirectInputEvents = YES;
				INFOPLIST_KEY_UILaunchStoryboardName = LaunchScreen;
				INFOPLIST_KEY_UIMainStoryboardFile = Main;
				INFOPLIST_KEY_UISupportedInterfaceOrientations_iPad = "UIInterfaceOrientationPortrait UIInterfaceOrientationPortraitUpsideDown UIInterfaceOrientationLandscapeLeft UIInterfaceOrientationLandscapeRight";
				INFOPLIST_KEY_UISupportedInterfaceOrientations_iPhone = "UIInterfaceOrientationPortrait UIInterfaceOrientationLandscapeLeft UIInterfaceOrientationLandscapeRight";
				LD_RUNPATH_SEARCH_PATHS = (
					"$(inherited)",
					"@executable_path/Frameworks",
				);
				MARKETING_VERSION = 1.0;
				PRODUCT_BUNDLE_IDENTIFIER = com.mirhan.TodoListTakvim;
				PRODUCT_NAME = "$(TARGET_NAME)";
				SWIFT_EMIT_LOC_STRINGS = YES;
				SWIFT_VERSION = 5.0;
				TARGETED_DEVICE_FAMILY = "1,2";
			};
			name = Debug;
		};
		2CBBEA3D2C2B1F2B0025382A /* Release */ = {
			isa = XCBuildConfiguration;
			buildSettings = {
				ASSETCATALOG_COMPILER_APPICON_NAME = AppIcon;
				ASSETCATALOG_COMPILER_GLOBAL_ACCENT_COLOR_NAME = AccentColor;
				CODE_SIGN_STYLE = Automatic;
				CURRENT_PROJECT_VERSION = 1;
				GENERATE_INFOPLIST_FILE = YES;
				INFOPLIST_FILE = TodoListTakvim/Info.plist;
				INFOPLIST_KEY_UIApplicationSupportsIndirectInputEvents = YES;
				INFOPLIST_KEY_UILaunchStoryboardName = LaunchScreen;
				INFOPLIST_KEY_UIMainStoryboardFile = Main;
				INFOPLIST_KEY_UISupportedInterfaceOrientations_iPad = "UIInterfaceOrientationPortrait UIInterfaceOrientationPortraitUpsideDown UIInterfaceOrientationLandscapeLeft UIInterfaceOrientationLandscapeRight";
				INFOPLIST_KEY_UISupportedInterfaceOrientations_iPhone = "UIInterfaceOrientationPortrait UIInterfaceOrientationLandscapeLeft UIInterfaceOrientationLandscapeRight";
				LD_RUNPATH_SEARCH_PATHS = (
					"$(inherited)",
					"@executable_path/Frameworks",
				);
				MARKETING_VERSION = 1.0;
				PRODUCT_BUNDLE_IDENTIFIER = com.mirhan.TodoListTakvim;
				PRODUCT_NAME = "$(TARGET_NAME)";
				SWIFT_EMIT_LOC_STRINGS = YES;
				SWIFT_VERSION = 5.0;
				TARGETED_DEVICE_FAMILY = "1,2";
			};
			name = Release;
		};
/* End XCBuildConfiguration section */

/* Begin XCConfigurationList section */
		2CBBEA222C2B1F2A0025382A /* Build configuration list for PBXProject "TodoListTakvim" */ = {
			isa = XCConfigurationList;
			buildConfigurations = (
				2CBBEA392C2B1F2B0025382A /* Debug */,
				2CBBEA3A2C2B1F2B0025382A /* Release */,
			);
			defaultConfigurationIsVisible = 0;
			defaultConfigurationName = Release;
		};
		2CBBEA3B2C2B1F2B0025382A /* Build configuration list for PBXNativeTarget "TodoListTakvim" */ = {
			isa = XCConfigurationList;
			buildConfigurations = (
				2CBBEA3C2C2B1F2B0025382A /* Debug */,
				2CBBEA3D2C2B1F2B0025382A /* Release */,
			);
			defaultConfigurationIsVisible = 0;
			defaultConfigurationName = Release;
		};
/* End XCConfigurationList section */
	};
	rootObject = 2CBBEA1F2C2B1F2A0025382A /* Project object */;
}
